
Microsoft Visual Studio Solution File, Format Version 12.00
# Visual Studio Version 17
VisualStudioVersion = 17.1.32407.343
MinimumVisualStudioVersion = 10.0.40219.1
Project("{FAE04EC0-301F-11D3-BF4B-00C04F79EFBC}") = "HuntMmrReader", "HuntMmrReader\HuntMmrReader.csproj", "{6B28E219-73C7-4D07-AB40-3B7E0E838653}"
EndProject
Global
	GlobalSection(SolutionConfigurationPlatforms) = preSolution
		Debug|Any CPU = Debug|Any CPU
		Release|Any CPU = Release|Any CPU
	EndGlobalSection
	GlobalSection(ProjectConfigurationPlatforms) = postSolution
		{6B28E219-73C7-4D07-AB40-3B7E0E838653}.Debug|Any CPU.ActiveCfg = Debug|Any CPU
		{6B28E219-73C7-4D07-AB40-3B7E0E838653}.Debug|Any CPU.Build.0 = Debug|Any CPU
		{6B28E219-73C7-4D07-AB40-3B7E0E838653}.Release|Any CPU.ActiveCfg = Release|Any CPU
		{6B28E219-73C7-4D07-AB40-3B7E0E838653}.Release|Any CPU.Build.0 = Release|Any CPU
	EndGlobalSection
	GlobalSection(SolutionProperties) = preSolution
		HideSolutionNode = FALSE
	EndGlobalSection
	GlobalSection(ExtensibilityGlobals) = postSolution
		SolutionGuid = {B132880D-DD7F-45BF-8B36-FFBCC644491D}
	EndGlobalSection
EndGlobal
